
Microsoft Visual Studio Solution File, Format Version 12.00
# Visual Studio 15
Project("{FAE04EC0-301F-11D3-BF4B-00C04F79EFBC}") = "NasaOrbiter", "NasaOrbiter\NasaOrbiter.csproj", "{3C8C19D3-7045-4AD1-A78A-DBCDE9951330}"
EndProject
Global
	GlobalSection(SolutionConfigurationPlatforms) = preSolution
		Debug|anycpu = Debug|anycpu
		Release|anycpu = Release|anycpu
	EndGlobalSection
	GlobalSection(ProjectConfigurationPlatforms) = postSolution
		{3C8C19D3-7045-4AD1-A78A-DBCDE9951330}.Debug|anycpu.ActiveCfg = Debug|anycpu
		{3C8C19D3-7045-4AD1-A78A-DBCDE9951330}.Debug|anycpu.Build.0 = Debug|anycpu
		{3C8C19D3-7045-4AD1-A78A-DBCDE9951330}.Release|anycpu.ActiveCfg = Release|anycpu
		{3C8C19D3-7045-4AD1-A78A-DBCDE9951330}.Release|anycpu.Build.0 = Release|anycpu
	EndGlobalSection
EndGlobal
