
Microsoft Visual Studio Solution File, Format Version 12.00
# Visual Studio 15
Project("{FAE04EC0-301F-11D3-BF4B-00C04F79EFBC}") = "StaticN", "StaticN\StaticN.csproj", "{47457062-F28C-450D-8483-0F632411E0AF}"
EndProject
Global
	GlobalSection(SolutionConfigurationPlatforms) = preSolution
		Debug|Any CPU = Debug|Any CPU
		Release|Any CPU = Release|Any CPU
	EndGlobalSection
	GlobalSection(ProjectConfigurationPlatforms) = postSolution
		{47457062-F28C-450D-8483-0F632411E0AF}.Debug|Any CPU.ActiveCfg = Debug|Any CPU
		{47457062-F28C-450D-8483-0F632411E0AF}.Debug|Any CPU.Build.0 = Debug|Any CPU
		{47457062-F28C-450D-8483-0F632411E0AF}.Release|Any CPU.ActiveCfg = Release|Any CPU
		{47457062-F28C-450D-8483-0F632411E0AF}.Release|Any CPU.Build.0 = Release|Any CPU
	EndGlobalSection
EndGlobal
